# This file is generated by running "yarn install" inside your project.
# Manual changes might be lost - proceed with caution!

__metadata:
  version: 8
  cacheKey: 10

"@next/env@npm:14.2.5":
  version: 14.2.5
  resolution: "@next/env@npm:14.2.5"
  checksum: 10/0462db6a82120220ad518eabbe85144b75cf741cf96f520b1b3dd5978c51c5e7a92ad4bff2b8157f029cdc87ba0f8eeed9f3a30711822fae5195fa5db4e40280
  languageName: node
  linkType: hard

"@next/swc-darwin-arm64@npm:14.2.5":
  version: 14.2.5
  resolution: "@next/swc-darwin-arm64@npm:14.2.5"
  conditions: os=darwin & cpu=arm64
  languageName: node
  linkType: hard

"@next/swc-darwin-x64@npm:14.2.5":
  version: 14.2.5
  resolution: "@next/swc-darwin-x64@npm:14.2.5"
  conditions: os=darwin & cpu=x64
  languageName: node
  linkType: hard

"@next/swc-linux-arm64-gnu@npm:14.2.5":
  version: 14.2.5
  resolution: "@next/swc-linux-arm64-gnu@npm:14.2.5"
  conditions: os=linux & cpu=arm64 & libc=glibc
  languageName: node
  linkType: hard

"@next/swc-linux-arm64-musl@npm:14.2.5":
  version: 14.2.5
  resolution: "@next/swc-linux-arm64-musl@npm:14.2.5"
  conditions: os=linux & cpu=arm64 & libc=musl
  languageName: node
  linkType: hard

"@next/swc-linux-x64-gnu@npm:14.2.5":
  version: 14.2.5
  resolution: "@next/swc-linux-x64-gnu@npm:14.2.5"
  conditions: os=linux & cpu=x64 & libc=glibc
  languageName: node
  linkType: hard

"@next/swc-linux-x64-musl@npm:14.2.5":
  version: 14.2.5
  resolution: "@next/swc-linux-x64-musl@npm:14.2.5"
  conditions: os=linux & cpu=x64 & libc=musl
  languageName: node
  linkType: hard

"@next/swc-win32-arm64-msvc@npm:14.2.5":
  version: 14.2.5
  resolution: "@next/swc-win32-arm64-msvc@npm:14.2.5"
  conditions: os=win32 & cpu=arm64
  languageName: node
  linkType: hard

"@next/swc-win32-ia32-msvc@npm:14.2.5":
  version: 14.2.5
  resolution: "@next/swc-win32-ia32-msvc@npm:14.2.5"
  conditions: os=win32 & cpu=ia32
  languageName: node
  linkType: hard

"@next/swc-win32-x64-msvc@npm:14.2.5":
  version: 14.2.5
  resolution: "@next/swc-win32-x64-msvc@npm:14.2.5"
  conditions: os=win32 & cpu=x64
  languageName: node
  linkType: hard

"@swc/counter@npm:^0.1.3":
  version: 0.1.3
  resolution: "@swc/counter@npm:0.1.3"
  checksum: 10/df8f9cfba9904d3d60f511664c70d23bb323b3a0803ec9890f60133954173047ba9bdeabce28cd70ba89ccd3fd6c71c7b0bd58be85f611e1ffbe5d5c18616598
  languageName: node
  linkType: hard

"@swc/helpers@npm:0.5.5":
  version: 0.5.5
  resolution: "@swc/helpers@npm:0.5.5"
  dependencies:
    "@swc/counter": "npm:^0.1.3"
    tslib: "npm:^2.4.0"
  checksum: 10/1c5ef04f642542212df28c669438f3e0f459dcde7b448a5b1fcafb2e9e4f13e76d8428535a270e91ed123dd2a21189dbed34086b88a8cf68baf84984d6d0e39b
  languageName: node
  linkType: hard

"@types/node@npm:^20":
  version: 20.14.10
  resolution: "@types/node@npm:20.14.10"
  dependencies:
    undici-types: "npm:~5.26.4"
  checksum: 10/672892cf94d0d95cf052f11271990686a0fd204cd1e5fe7a4ef240e5315e06711765dc47b9ec98627d3adac18b8c92bb7e2d8db21d18faa20bc3e3203a143e79
  languageName: node
  linkType: hard

"@types/prop-types@npm:*":
  version: 15.7.12
  resolution: "@types/prop-types@npm:15.7.12"
  checksum: 10/ac16cc3d0a84431ffa5cfdf89579ad1e2269549f32ce0c769321fdd078f84db4fbe1b461ed5a1a496caf09e637c0e367d600c541435716a55b1d9713f5035dfe
  languageName: node
  linkType: hard

"@types/react-dom@npm:^18":
  version: 18.3.0
  resolution: "@types/react-dom@npm:18.3.0"
  dependencies:
    "@types/react": "npm:*"
  checksum: 10/6ff53f5a7b7fba952a68e114d3b542ebdc1e87a794234785ebab0bcd9bde7fb4885f21ebaf93d26dc0a1b5b93287f42cad68b78ae04dddf6b20da7aceff0beaf
  languageName: node
  linkType: hard

"@types/react@npm:*, @types/react@npm:^18":
  version: 18.3.3
  resolution: "@types/react@npm:18.3.3"
  dependencies:
    "@types/prop-types": "npm:*"
    csstype: "npm:^3.0.2"
  checksum: 10/68e203b7f1f91d6cf21f33fc7af9d6d228035a26c83f514981e54aa3da695d0ec6af10c277c6336de1dd76c4adbe9563f3a21f80c4462000f41e5f370b46e96c
  languageName: node
  linkType: hard

"busboy@npm:1.6.0":
  version: 1.6.0
  resolution: "busboy@npm:1.6.0"
  dependencies:
    streamsearch: "npm:^1.1.0"
  checksum: 10/bee10fa10ea58e7e3e7489ffe4bda6eacd540a17de9f9cd21cc37e297b2dd9fe52b2715a5841afaec82900750d810d01d7edb4b2d456427f449b92b417579763
  languageName: node
  linkType: hard

"caniuse-lite@npm:^1.0.30001579":
  version: 1.0.30001642
  resolution: "caniuse-lite@npm:1.0.30001642"
  checksum: 10/8d80ea82be453ae0fdfea8766d82740a4945c1b99189650f29bfc458d4e235d7e99027a8f8bc5a4228d8c4457ba896315284b0703f300353ad5f09d8e693de10
  languageName: node
  linkType: hard

"client-only@npm:0.0.1":
  version: 0.0.1
  resolution: "client-only@npm:0.0.1"
  checksum: 10/0c16bf660dadb90610553c1d8946a7fdfb81d624adea073b8440b7d795d5b5b08beb3c950c6a2cf16279365a3265158a236876d92bce16423c485c322d7dfaf8
  languageName: node
  linkType: hard

"csstype@npm:^3.0.2":
  version: 3.1.3
  resolution: "csstype@npm:3.1.3"
  checksum: 10/f593cce41ff5ade23f44e77521e3a1bcc2c64107041e1bf6c3c32adc5187d0d60983292fda326154d20b01079e24931aa5b08e4467cc488b60bb1e7f6d478ade
  languageName: node
  linkType: hard

"graceful-fs@npm:^4.2.11":
  version: 4.2.11
  resolution: "graceful-fs@npm:4.2.11"
  checksum: 10/bf152d0ed1dc159239db1ba1f74fdbc40cb02f626770dcd5815c427ce0688c2635a06ed69af364396da4636d0408fcf7d4afdf7881724c3307e46aff30ca49e2
  languageName: node
  linkType: hard

"js-tokens@npm:^3.0.0 || ^4.0.0":
  version: 4.0.0
  resolution: "js-tokens@npm:4.0.0"
  checksum: 10/af37d0d913fb56aec6dc0074c163cc71cd23c0b8aad5c2350747b6721d37ba118af35abdd8b33c47ec2800de07dedb16a527ca9c530ee004093e04958bd0cbf2
  languageName: node
  linkType: hard

"loose-envify@npm:^1.1.0":
  version: 1.4.0
  resolution: "loose-envify@npm:1.4.0"
  dependencies:
    js-tokens: "npm:^3.0.0 || ^4.0.0"
  bin:
    loose-envify: cli.js
  checksum: 10/6517e24e0cad87ec9888f500c5b5947032cdfe6ef65e1c1936a0c48a524b81e65542c9c3edc91c97d5bddc806ee2a985dbc79be89215d613b1de5db6d1cfe6f4
  languageName: node
  linkType: hard

"nanoid@npm:^3.3.6":
  version: 3.3.7
  resolution: "nanoid@npm:3.3.7"
  bin:
    nanoid: bin/nanoid.cjs
  checksum: 10/ac1eb60f615b272bccb0e2b9cd933720dad30bf9708424f691b8113826bb91aca7e9d14ef5d9415a6ba15c266b37817256f58d8ce980c82b0ba3185352565679
  languageName: node
  linkType: hard

"next-yarn-berry@workspace:.":
  version: 0.0.0-use.local
  resolution: "next-yarn-berry@workspace:."
  dependencies:
    "@types/node": "npm:^20"
    "@types/react": "npm:^18"
    "@types/react-dom": "npm:^18"
    next: "npm:14.2.5"
    prettier: "npm:^3.3.3"
    react: "npm:^18"
    react-dom: "npm:^18"
    typescript: "npm:^5"
  languageName: unknown
  linkType: soft

"next@npm:14.2.5":
  version: 14.2.5
  resolution: "next@npm:14.2.5"
  dependencies:
    "@next/env": "npm:14.2.5"
    "@next/swc-darwin-arm64": "npm:14.2.5"
    "@next/swc-darwin-x64": "npm:14.2.5"
    "@next/swc-linux-arm64-gnu": "npm:14.2.5"
    "@next/swc-linux-arm64-musl": "npm:14.2.5"
    "@next/swc-linux-x64-gnu": "npm:14.2.5"
    "@next/swc-linux-x64-musl": "npm:14.2.5"
    "@next/swc-win32-arm64-msvc": "npm:14.2.5"
    "@next/swc-win32-ia32-msvc": "npm:14.2.5"
    "@next/swc-win32-x64-msvc": "npm:14.2.5"
    "@swc/helpers": "npm:0.5.5"
    busboy: "npm:1.6.0"
    caniuse-lite: "npm:^1.0.30001579"
    graceful-fs: "npm:^4.2.11"
    postcss: "npm:8.4.31"
    styled-jsx: "npm:5.1.1"
  peerDependencies:
    "@opentelemetry/api": ^1.1.0
    "@playwright/test": ^1.41.2
    react: ^18.2.0
    react-dom: ^18.2.0
    sass: ^1.3.0
  dependenciesMeta:
    "@next/swc-darwin-arm64":
      optional: true
    "@next/swc-darwin-x64":
      optional: true
    "@next/swc-linux-arm64-gnu":
      optional: true
    "@next/swc-linux-arm64-musl":
      optional: true
    "@next/swc-linux-x64-gnu":
      optional: true
    "@next/swc-linux-x64-musl":
      optional: true
    "@next/swc-win32-arm64-msvc":
      optional: true
    "@next/swc-win32-ia32-msvc":
      optional: true
    "@next/swc-win32-x64-msvc":
      optional: true
  peerDependenciesMeta:
    "@opentelemetry/api":
      optional: true
    "@playwright/test":
      optional: true
    sass:
      optional: true
  bin:
    next: dist/bin/next
  checksum: 10/c107b45ffe7b75649618d8b5fc0bfe4936317daf12384d2546603b250ceb4e24aca9862cb062c6302a6bafafe5e682bb83f25f2f30ab7533bf0c4a30b3be6875
  languageName: node
  linkType: hard

"picocolors@npm:^1.0.0":
  version: 1.0.1
  resolution: "picocolors@npm:1.0.1"
  checksum: 10/fa68166d1f56009fc02a34cdfd112b0dd3cf1ef57667ac57281f714065558c01828cdf4f18600ad6851cbe0093952ed0660b1e0156bddf2184b6aaf5817553a5
  languageName: node
  linkType: hard

"postcss@npm:8.4.31":
  version: 8.4.31
  resolution: "postcss@npm:8.4.31"
  dependencies:
    nanoid: "npm:^3.3.6"
    picocolors: "npm:^1.0.0"
    source-map-js: "npm:^1.0.2"
  checksum: 10/1a6653e72105907377f9d4f2cd341d8d90e3fde823a5ddea1e2237aaa56933ea07853f0f2758c28892a1d70c53bbaca200eb8b80f8ed55f13093003dbec5afa0
  languageName: node
  linkType: hard

"prettier@npm:^3.3.3":
  version: 3.3.3
  resolution: "prettier@npm:3.3.3"
  bin:
    prettier: bin/prettier.cjs
  checksum: 10/5beac1f30b5b40162532b8e2f7c3a4eb650910a2695e9c8512a62ffdc09dae93190c29db9107fa7f26d1b6c71aad3628ecb9b5de1ecb0911191099be109434d7
  languageName: node
  linkType: hard

"react-dom@npm:^18":
  version: 18.3.1
  resolution: "react-dom@npm:18.3.1"
  dependencies:
    loose-envify: "npm:^1.1.0"
    scheduler: "npm:^0.23.2"
  peerDependencies:
    react: ^18.3.1
  checksum: 10/3f4b73a3aa083091173b29812b10394dd06f4ac06aff410b74702cfb3aa29d7b0ced208aab92d5272919b612e5cda21aeb1d54191848cf6e46e9e354f3541f81
  languageName: node
  linkType: hard

"react@npm:^18":
  version: 18.3.1
  resolution: "react@npm:18.3.1"
  dependencies:
    loose-envify: "npm:^1.1.0"
  checksum: 10/261137d3f3993eaa2368a83110466fc0e558bc2c7f7ae7ca52d94f03aac945f45146bd85e5f481044db1758a1dbb57879e2fcdd33924e2dde1bdc550ce73f7bf
  languageName: node
  linkType: hard

"scheduler@npm:^0.23.2":
  version: 0.23.2
  resolution: "scheduler@npm:0.23.2"
  dependencies:
    loose-envify: "npm:^1.1.0"
  checksum: 10/e8d68b89d18d5b028223edf090092846868a765a591944760942b77ea1f69b17235f7e956696efbb62c8130ab90af7e0949bfb8eba7896335507317236966bc9
  languageName: node
  linkType: hard

"source-map-js@npm:^1.0.2":
  version: 1.2.0
  resolution: "source-map-js@npm:1.2.0"
  checksum: 10/74f331cfd2d121c50790c8dd6d3c9de6be21926de80583b23b37029b0f37aefc3e019fa91f9a10a5e120c08135297e1ecf312d561459c45908cb1e0e365f49e5
  languageName: node
  linkType: hard

"streamsearch@npm:^1.1.0":
  version: 1.1.0
  resolution: "streamsearch@npm:1.1.0"
  checksum: 10/612c2b2a7dbcc859f74597112f80a42cbe4d448d03da790d5b7b39673c1197dd3789e91cd67210353e58857395d32c1e955a9041c4e6d5bae723436b3ed9ed14
  languageName: node
  linkType: hard

"styled-jsx@npm:5.1.1":
  version: 5.1.1
  resolution: "styled-jsx@npm:5.1.1"
  dependencies:
    client-only: "npm:0.0.1"
  peerDependencies:
    react: ">= 16.8.0 || 17.x.x || ^18.0.0-0"
  peerDependenciesMeta:
    "@babel/core":
      optional: true
    babel-plugin-macros:
      optional: true
  checksum: 10/4f6a5d0010770fdeea1183d919d528fd46c484e23c0535ef3e1dd49488116f639c594f3bd4440e3bc8a8686c9f8d53c5761599870ff039ede11a5c3bfe08a4be
  languageName: node
  linkType: hard

"tslib@npm:^2.4.0":
  version: 2.6.3
  resolution: "tslib@npm:2.6.3"
  checksum: 10/52109bb681f8133a2e58142f11a50e05476de4f075ca906d13b596ae5f7f12d30c482feb0bff167ae01cfc84c5803e575a307d47938999246f5a49d174fc558c
  languageName: node
  linkType: hard

"typescript@npm:^5":
  version: 5.5.3
  resolution: "typescript@npm:5.5.3"
  bin:
    tsc: bin/tsc
    tsserver: bin/tsserver
  checksum: 10/11a867312419ed497929aafd2f1d28b2cd41810a5eb6c6e9e169559112e9ea073d681c121a29102e67cd4478d0a4ae37a306a5800f3717f59c4337e6a9bd5e8d
  languageName: node
  linkType: hard

"typescript@patch:typescript@npm%3A^5#optional!builtin<compat/typescript>":
  version: 5.5.3
  resolution: "typescript@patch:typescript@npm%3A5.5.3#optional!builtin<compat/typescript>::version=5.5.3&hash=379a07"
  bin:
    tsc: bin/tsc
    tsserver: bin/tsserver
  checksum: 10/7cf7acb78a80f749b82842f2ffe01e90e7b3e709a6f4268588e0b7599c41dca1059be217f47778fe1a380bfaf60933021ef20d002c426d4d7745e1b36c11467b
  languageName: node
  linkType: hard

"undici-types@npm:~5.26.4":
  version: 5.26.5
  resolution: "undici-types@npm:5.26.5"
  checksum: 10/0097779d94bc0fd26f0418b3a05472410408877279141ded2bd449167be1aed7ea5b76f756562cb3586a07f251b90799bab22d9019ceba49c037c76445f7cddd
  languageName: node
  linkType: hard
